<?xml version="1.0" encoding="UTF-8" standalone="yes" ?>
<CodeBlocks_project_file>
	<FileVersion major="1" minor="6" />
	<Project>
		<Option title="ValagTest" />
		<Option pch_mode="2" />
		<Option compiler="gcc" />
		<Build>
			<Target title="Debug">
				<Option output="../Game/bin_debug/ValagTest" prefix_auto="1" extension_auto="1" />
				<Option working_dir="../Game/bin_debug" />
				<Option object_output="obj/Debug/" />
				<Option type="1" />
				<Option compiler="gcc" />
				<Compiler>
					<Add option="-g" />
					<Add directory="Valag/include/Valag/core" />
					<Add directory="GameTest/Sources/include/states" />
				</Compiler>
			</Target>
			<Target title="Release">
				<Option output="../Game/bin/ValagTest" prefix_auto="1" extension_auto="1" />
				<Option working_dir="../Game/bin" />
				<Option object_output="obj/Release/" />
				<Option type="1" />
				<Option compiler="gcc" />
				<Compiler>
					<Add option="-O2" />
					<Add directory="Valag/include/Valag/core" />
					<Add directory="GameTest/Sources/include/states" />
					<Add directory="include" />
				</Compiler>
				<Linker>
					<Add option="-s" />
				</Linker>
			</Target>
		</Build>
		<Compiler>
			<Add option="-Wall" />
			<Add option="-std=c++14" />
			<Add option="-fexceptions" />
			<Add directory="../../Valag/include" />
		</Compiler>
		<Linker>
			<Add library="vulkan-1" />
			<Add library="glfw3dll" />
			<Add directory="../../Valag/libs" />
		</Linker>
		<Unit filename="../../Valag/include/Valag/core/Config.h" />
		<Unit filename="../../Valag/include/Valag/core/GameState.h" />
		<Unit filename="../../Valag/include/Valag/core/StatesManager.h" />
		<Unit filename="../../Valag/include/Valag/core/VApp.h" />
		<Unit filename="../../Valag/include/Valag/utils/Logger.h" />
		<Unit filename="../../Valag/include/Valag/utils/Parser.h" />
		<Unit filename="../../Valag/include/Valag/utils/Singleton.h" />
		<Unit filename="../../Valag/include/Valag/utils/SingletonsCleaner.h" />
		<Unit filename="../../Valag/src/core/Config.cpp" />
		<Unit filename="../../Valag/src/core/GameState.cpp" />
		<Unit filename="../../Valag/src/core/StatesManager.cpp" />
		<Unit filename="../../Valag/src/core/VApp.cpp" />
		<Unit filename="../../Valag/src/utils/Logger.cpp" />
		<Unit filename="../../Valag/src/utils/Parser.cpp" />
		<Unit filename="../../Valag/src/utils/SingletonsCleaner.cpp" />
		<Unit filename="include/states/TestingState.h" />
		<Unit filename="main.cpp" />
		<Unit filename="src/states/TestingState.cpp" />
		<Extensions>
			<code_completion />
			<envvars />
			<debugger />
		</Extensions>
	</Project>
</CodeBlocks_project_file>
