<?xml version="1.0" encoding="UTF-8" standalone="yes" ?>
<CodeBlocks_project_file>
	<FileVersion major="1" minor="6" />
	<Project>
		<Option title="ValagTest" />
		<Option pch_mode="2" />
		<Option compiler="gcc" />
		<Build>
			<Target title="Debug">
				<Option output="../Game/bin_debug/ValagTest" prefix_auto="1" extension_auto="1" />
				<Option working_dir="../Game/bin_debug" />
				<Option object_output="obj/Debug/" />
				<Option type="1" />
				<Option compiler="gcc" />
				<Compiler>
					<Add option="-g" />
				</Compiler>
			</Target>
			<Target title="Release">
				<Option output="../Game/bin/ValagTest" prefix_auto="1" extension_auto="1" />
				<Option working_dir="../Game/bin" />
				<Option object_output="obj/Release/" />
				<Option type="1" />
				<Option compiler="gcc" />
				<Compiler>
					<Add option="-O2" />
					<Add option="-DNDEBUG" />
				</Compiler>
				<Linker>
					<Add option="-s" />
				</Linker>
			</Target>
			<Target title="Profile">
				<Option output="../Game/bin/ValagTestProfiled" prefix_auto="1" extension_auto="1" />
				<Option working_dir="../Game/bin" />
				<Option object_output="obj/Release/" />
				<Option type="0" />
				<Option compiler="gcc" />
				<Compiler>
					<Add option="-std=c++14" />
					<Add option="-pg" />
					<Add option="-g" />
				</Compiler>
				<Linker>
					<Add option="-pg -lgmon" />
				</Linker>
			</Target>
		</Build>
		<Compiler>
			<Add option="-Wall" />
			<Add option="-std=c++14" />
			<Add option="-fexceptions" />
			<Add directory="../../Valag/include" />
			<Add directory="Valag/include/Valag/core" />
			<Add directory="GameTest/Sources/include/states" />
			<Add directory="include" />
			<Add directory="Valag/include/Valag/utils" />
			<Add directory="Valag/include/Valag/gfx" />
		</Compiler>
		<Linker>
			<Add library="vulkan-1" />
			<Add library="glfw3dll" />
			<Add directory="../../Valag/libs" />
		</Linker>
		<Unit filename="../../Valag/include/Valag/Types.h" />
		<Unit filename="../../Valag/include/Valag/core/Asset.h" />
		<Unit filename="../../Valag/include/Valag/core/AssetHandler.h" />
		<Unit filename="../../Valag/include/Valag/core/Config.h" />
		<Unit filename="../../Valag/include/Valag/core/EventsManager.h" />
		<Unit filename="../../Valag/include/Valag/core/GameState.h" />
		<Unit filename="../../Valag/include/Valag/core/NotificationListener.h" />
		<Unit filename="../../Valag/include/Valag/core/NotificationSender.h" />
		<Unit filename="../../Valag/include/Valag/core/StatesManager.h" />
		<Unit filename="../../Valag/include/Valag/core/VApp.h" />
		<Unit filename="../../Valag/include/Valag/gfx/DefaultRenderer.h" />
		<Unit filename="../../Valag/include/Valag/gfx/Drawable.h" />
		<Unit filename="../../Valag/include/Valag/gfx/Scene.h" />
		<Unit filename="../../Valag/include/Valag/gfx/SceneNode.h" />
		<Unit filename="../../Valag/include/Valag/gfx/SceneObject.h" />
		<Unit filename="../../Valag/include/Valag/gfx/SceneRenderer.h" />
		<Unit filename="../../Valag/include/Valag/gfx/Sprite.h" />
		<Unit filename="../../Valag/include/Valag/gfx/SpritesBatch.h" />
		<Unit filename="../../Valag/include/Valag/gfx/TextureAsset.h" />
		<Unit filename="../../Valag/include/Valag/utils/Clock.h" />
		<Unit filename="../../Valag/include/Valag/utils/Logger.h" />
		<Unit filename="../../Valag/include/Valag/utils/Parser.h" />
		<Unit filename="../../Valag/include/Valag/utils/Profiler.h" />
		<Unit filename="../../Valag/include/Valag/utils/Singleton.h" />
		<Unit filename="../../Valag/include/Valag/utils/SingletonsCleaner.h" />
		<Unit filename="../../Valag/include/Valag/vulkanImpl/DynamicUBO.h" />
		<Unit filename="../../Valag/include/Valag/vulkanImpl/RenderWindow.h" />
		<Unit filename="../../Valag/include/Valag/vulkanImpl/VBuffersAllocator.h" />
		<Unit filename="../../Valag/include/Valag/vulkanImpl/VInstance.h" />
		<Unit filename="../../Valag/include/Valag/vulkanImpl/VTexture.h" />
		<Unit filename="../../Valag/include/Valag/vulkanImpl/VTexturesManager.h" />
		<Unit filename="../../Valag/include/Valag/vulkanImpl/VulkanExtProxies.h" />
		<Unit filename="../../Valag/include/Valag/vulkanImpl/VulkanHelpers.h" />
		<Unit filename="../../Valag/include/Valag/vulkanImpl/VulkanImpl.h" />
		<Unit filename="../../Valag/shaders/defaultShader.frag" />
		<Unit filename="../../Valag/shaders/defaultShader.vert" />
		<Unit filename="../../Valag/src/core/Asset.cpp" />
		<Unit filename="../../Valag/src/core/AssetHandler.inc" />
		<Unit filename="../../Valag/src/core/Config.cpp" />
		<Unit filename="../../Valag/src/core/EventsManager.cpp" />
		<Unit filename="../../Valag/src/core/GameState.cpp" />
		<Unit filename="../../Valag/src/core/NotificationListener.cpp" />
		<Unit filename="../../Valag/src/core/NotificationSender.cpp" />
		<Unit filename="../../Valag/src/core/StatesManager.cpp" />
		<Unit filename="../../Valag/src/core/VApp.cpp" />
		<Unit filename="../../Valag/src/gfx/DefaultRenderer.cpp" />
		<Unit filename="../../Valag/src/gfx/Drawable.cpp" />
		<Unit filename="../../Valag/src/gfx/Scene.cpp" />
		<Unit filename="../../Valag/src/gfx/SceneNode.cpp" />
		<Unit filename="../../Valag/src/gfx/SceneObject.cpp" />
		<Unit filename="../../Valag/src/gfx/SceneRenderer.cpp" />
		<Unit filename="../../Valag/src/gfx/Sprite.cpp" />
		<Unit filename="../../Valag/src/gfx/SpritesBatch.cpp" />
		<Unit filename="../../Valag/src/gfx/TextureAsset.cpp" />
		<Unit filename="../../Valag/src/utils/Clock.cpp" />
		<Unit filename="../../Valag/src/utils/Logger.cpp" />
		<Unit filename="../../Valag/src/utils/Parser.cpp" />
		<Unit filename="../../Valag/src/utils/Profiler.cpp" />
		<Unit filename="../../Valag/src/utils/SingletonsCleaner.cpp" />
		<Unit filename="../../Valag/src/vulkanImpl/DynamicUBO.cpp" />
		<Unit filename="../../Valag/src/vulkanImpl/RenderWindow.cpp" />
		<Unit filename="../../Valag/src/vulkanImpl/VBuffersAllocator.cpp" />
		<Unit filename="../../Valag/src/vulkanImpl/VInstance.cpp" />
		<Unit filename="../../Valag/src/vulkanImpl/VTexture.cpp" />
		<Unit filename="../../Valag/src/vulkanImpl/VTexturesManager.cpp" />
		<Unit filename="../../Valag/src/vulkanImpl/VulkanExtProxies.cpp" />
		<Unit filename="../../Valag/src/vulkanImpl/VulkanHelpers.cpp" />
		<Unit filename="include/states/TestingState.h" />
		<Unit filename="main.cpp" />
		<Unit filename="src/states/TestingState.cpp" />
		<Extensions>
			<code_completion />
			<envvars />
			<debugger />
		</Extensions>
	</Project>
</CodeBlocks_project_file>
