<?xml version="1.0" encoding="UTF-8" standalone="yes" ?>
<CodeBlocks_project_file>
	<FileVersion major="1" minor="6" />
	<Project>
		<Option title="ValagTest" />
		<Option pch_mode="2" />
		<Option compiler="gcc" />
		<Build>
			<Target title="Debug">
				<Option output="../Game/bin_debug/ValagTest" prefix_auto="1" extension_auto="1" />
				<Option working_dir="../Game/bin_debug" />
				<Option object_output="obj/Debug/" />
				<Option type="1" />
				<Option compiler="gcc" />
				<Compiler>
					<Add option="-Wextra" />
					<Add option="-Wall" />
					<Add option="-g" />
					<Add directory="Valag/include/Valag/gfx" />
				</Compiler>
			</Target>
			<Target title="Release">
				<Option output="../Game/bin/ValagTest" prefix_auto="1" extension_auto="1" />
				<Option working_dir="../Game/bin" />
				<Option object_output="obj/Release/" />
				<Option type="1" />
				<Option compiler="gcc" />
				<Compiler>
					<Add option="-O2" />
					<Add option="-DNDEBUG" />
					<Add directory="Valag/include/Valag/gfx" />
				</Compiler>
				<Linker>
					<Add option="-s" />
				</Linker>
			</Target>
			<Target title="Profile">
				<Option output="../Game/bin/ValagTestProfiled" prefix_auto="1" extension_auto="1" />
				<Option working_dir="../Game/bin" />
				<Option object_output="obj/Release/" />
				<Option type="0" />
				<Option compiler="gcc" />
				<Compiler>
					<Add option="-std=c++14" />
					<Add option="-pg" />
					<Add option="-g" />
					<Add directory="Valag/include/Valag/gfx" />
				</Compiler>
				<Linker>
					<Add option="-pg -lgmon" />
				</Linker>
			</Target>
		</Build>
		<Compiler>
			<Add option="-Wall" />
			<Add option="-std=c++14" />
			<Add option="-fexceptions" />
			<Add directory="../../Valag/include" />
			<Add directory="Valag/include/Valag/core" />
			<Add directory="GameTest/Sources/include/states" />
			<Add directory="include" />
			<Add directory="Valag/include/Valag/utils" />
			<Add directory="Valag/include/Valag/gfx" />
		</Compiler>
		<Linker>
			<Add library="vulkan-1" />
			<Add library="glfw3dll" />
			<Add directory="../../Valag/libs" />
		</Linker>
		<Unit filename="../../Valag/include/Valag/Types.h" />
		<Unit filename="../../Valag/include/Valag/assets/Asset.h" />
		<Unit filename="../../Valag/include/Valag/assets/AssetHandler.h" />
		<Unit filename="../../Valag/include/Valag/assets/MaterialAsset.h" />
		<Unit filename="../../Valag/include/Valag/assets/MeshAsset.h" />
		<Unit filename="../../Valag/include/Valag/assets/MeshesHandler.h" />
		<Unit filename="../../Valag/include/Valag/assets/TextureAsset.h" />
		<Unit filename="../../Valag/include/Valag/core/Config.h" />
		<Unit filename="../../Valag/include/Valag/core/EventsManager.h" />
		<Unit filename="../../Valag/include/Valag/core/GameState.h" />
		<Unit filename="../../Valag/include/Valag/core/NotificationListener.h" />
		<Unit filename="../../Valag/include/Valag/core/NotificationSender.h" />
		<Unit filename="../../Valag/include/Valag/core/StatesManager.h" />
		<Unit filename="../../Valag/include/Valag/core/VApp.h" />
		<Unit filename="../../Valag/include/Valag/gfx/Drawable.h" />
		<Unit filename="../../Valag/include/Valag/gfx/Sprite.h" />
		<Unit filename="../../Valag/include/Valag/gfx/SpritesBatch.h" />
		<Unit filename="../../Valag/include/Valag/renderers/AbstractRenderer.h" />
		<Unit filename="../../Valag/include/Valag/renderers/DefaultRenderer.h" />
		<Unit filename="../../Valag/include/Valag/renderers/FullRenderPass.h" />
		<Unit filename="../../Valag/include/Valag/renderers/InstancingRenderer.h" />
		<Unit filename="../../Valag/include/Valag/renderers/PBRToolbox.h" />
		<Unit filename="../../Valag/include/Valag/renderers/RenderGraph.h" />
		<Unit filename="../../Valag/include/Valag/renderers/RenderView.h" />
		<Unit filename="../../Valag/include/Valag/renderers/RenderWindow.h" />
		<Unit filename="../../Valag/include/Valag/renderers/SceneRenderer.h" />
		<Unit filename="../../Valag/include/Valag/scene/CameraObject.h" />
		<Unit filename="../../Valag/include/Valag/scene/IsoSpriteEntity.h" />
		<Unit filename="../../Valag/include/Valag/scene/IsoSpriteModel.h" />
		<Unit filename="../../Valag/include/Valag/scene/Light.h" />
		<Unit filename="../../Valag/include/Valag/scene/MeshEntity.h" />
		<Unit filename="../../Valag/include/Valag/scene/Scene.h" />
		<Unit filename="../../Valag/include/Valag/scene/SceneEntity.h" />
		<Unit filename="../../Valag/include/Valag/scene/SceneNode.h" />
		<Unit filename="../../Valag/include/Valag/scene/SceneObject.h" />
		<Unit filename="../../Valag/include/Valag/utils/Clock.h" />
		<Unit filename="../../Valag/include/Valag/utils/Logger.h" />
		<Unit filename="../../Valag/include/Valag/utils/Parser.h" />
		<Unit filename="../../Valag/include/Valag/utils/Profiler.h" />
		<Unit filename="../../Valag/include/Valag/utils/Singleton.h" />
		<Unit filename="../../Valag/include/Valag/utils/SingletonsCleaner.h" />
		<Unit filename="../../Valag/include/Valag/vulkanImpl/DynamicUBO.h" />
		<Unit filename="../../Valag/include/Valag/vulkanImpl/DynamicUBODescriptor.h" />
		<Unit filename="../../Valag/include/Valag/vulkanImpl/DynamicVBO.h" />
		<Unit filename="../../Valag/include/Valag/vulkanImpl/VBuffersAllocator.h" />
		<Unit filename="../../Valag/include/Valag/vulkanImpl/VGraphicsPipeline.h" />
		<Unit filename="../../Valag/include/Valag/vulkanImpl/VInstance.h" />
		<Unit filename="../../Valag/include/Valag/vulkanImpl/VMemoryAllocator.h" />
		<Unit filename="../../Valag/include/Valag/vulkanImpl/VTexture.h" />
		<Unit filename="../../Valag/include/Valag/vulkanImpl/VTexturesManager.h" />
		<Unit filename="../../Valag/include/Valag/vulkanImpl/VulkanExtProxies.h" />
		<Unit filename="../../Valag/include/Valag/vulkanImpl/VulkanHelpers.h" />
		<Unit filename="../../Valag/include/Valag/vulkanImpl/VulkanImpl.h" />
		<Unit filename="../../Valag/libs/tinyxml/tinystr.cpp" />
		<Unit filename="../../Valag/libs/tinyxml/tinyxml.cpp" />
		<Unit filename="../../Valag/libs/tinyxml/tinyxmlerror.cpp" />
		<Unit filename="../../Valag/libs/tinyxml/tinyxmlparser.cpp" />
		<Unit filename="../../Valag/shaders/ambientLighting.frag" />
		<Unit filename="../../Valag/shaders/ambientLighting.vert" />
		<Unit filename="../../Valag/shaders/defaultShader.frag" />
		<Unit filename="../../Valag/shaders/defaultShader.vert" />
		<Unit filename="../../Valag/shaders/instancingShader.frag" />
		<Unit filename="../../Valag/shaders/instancingShader.vert" />
		<Unit filename="../../Valag/shaders/isoSpriteAlphaDetection.frag" />
		<Unit filename="../../Valag/shaders/isoSpriteAlphaDetection.vert" />
		<Unit filename="../../Valag/shaders/isoSpriteAlphaShader.frag" />
		<Unit filename="../../Valag/shaders/isoSpriteShader.frag" />
		<Unit filename="../../Valag/shaders/isoSpriteShader.vert" />
		<Unit filename="../../Valag/shaders/lighting.frag" />
		<Unit filename="../../Valag/shaders/lighting.vert" />
		<Unit filename="../../Valag/shaders/meshShader.frag" />
		<Unit filename="../../Valag/shaders/meshShader.vert" />
		<Unit filename="../../Valag/shaders/toneMapping.frag" />
		<Unit filename="../../Valag/shaders/toneMapping.vert" />
		<Unit filename="../../Valag/src/assets/Asset.cpp" />
		<Unit filename="../../Valag/src/assets/AssetHandler.inc" />
		<Unit filename="../../Valag/src/assets/MaterialAsset.cpp" />
		<Unit filename="../../Valag/src/assets/MeshAsset.cpp" />
		<Unit filename="../../Valag/src/assets/MeshesHandler.cpp" />
		<Unit filename="../../Valag/src/assets/TextureAsset.cpp" />
		<Unit filename="../../Valag/src/core/Config.cpp" />
		<Unit filename="../../Valag/src/core/EventsManager.cpp" />
		<Unit filename="../../Valag/src/core/GameState.cpp" />
		<Unit filename="../../Valag/src/core/NotificationListener.cpp" />
		<Unit filename="../../Valag/src/core/NotificationSender.cpp" />
		<Unit filename="../../Valag/src/core/StatesManager.cpp" />
		<Unit filename="../../Valag/src/core/VApp.cpp" />
		<Unit filename="../../Valag/src/gfx/Drawable.cpp" />
		<Unit filename="../../Valag/src/gfx/Sprite.cpp" />
		<Unit filename="../../Valag/src/gfx/SpritesBatch.cpp" />
		<Unit filename="../../Valag/src/renderers/AbstractRenderer.cpp" />
		<Unit filename="../../Valag/src/renderers/DefaultRenderer.cpp" />
		<Unit filename="../../Valag/src/renderers/FullRenderPass.cpp" />
		<Unit filename="../../Valag/src/renderers/InstancingRenderer.cpp" />
		<Unit filename="../../Valag/src/renderers/PBRToolbox.cpp" />
		<Unit filename="../../Valag/src/renderers/RenderGraph.cpp" />
		<Unit filename="../../Valag/src/renderers/RenderView.cpp" />
		<Unit filename="../../Valag/src/renderers/RenderWindow.cpp" />
		<Unit filename="../../Valag/src/renderers/SceneRenderer.cpp" />
		<Unit filename="../../Valag/src/scene/CameraObject.cpp" />
		<Unit filename="../../Valag/src/scene/IsoSpriteEntity.cpp" />
		<Unit filename="../../Valag/src/scene/IsoSpriteModel.cpp" />
		<Unit filename="../../Valag/src/scene/Light.cpp" />
		<Unit filename="../../Valag/src/scene/MeshEntity.cpp" />
		<Unit filename="../../Valag/src/scene/Scene.cpp" />
		<Unit filename="../../Valag/src/scene/SceneEntity.cpp" />
		<Unit filename="../../Valag/src/scene/SceneNode.cpp" />
		<Unit filename="../../Valag/src/scene/SceneObject.cpp" />
		<Unit filename="../../Valag/src/utils/Clock.cpp" />
		<Unit filename="../../Valag/src/utils/Logger.cpp" />
		<Unit filename="../../Valag/src/utils/Parser.cpp" />
		<Unit filename="../../Valag/src/utils/Profiler.cpp" />
		<Unit filename="../../Valag/src/utils/SingletonsCleaner.cpp" />
		<Unit filename="../../Valag/src/vulkanImpl/DynamicUBO.cpp" />
		<Unit filename="../../Valag/src/vulkanImpl/DynamicUBODescriptor.cpp" />
		<Unit filename="../../Valag/src/vulkanImpl/DynamicVBO.inc" />
		<Unit filename="../../Valag/src/vulkanImpl/VBuffersAllocator.cpp" />
		<Unit filename="../../Valag/src/vulkanImpl/VGraphicsPipeline.cpp" />
		<Unit filename="../../Valag/src/vulkanImpl/VInstance.cpp" />
		<Unit filename="../../Valag/src/vulkanImpl/VMemoryAllocator.cpp" />
		<Unit filename="../../Valag/src/vulkanImpl/VTexture.cpp" />
		<Unit filename="../../Valag/src/vulkanImpl/VTexturesManager.cpp" />
		<Unit filename="../../Valag/src/vulkanImpl/VulkanExtProxies.cpp" />
		<Unit filename="../../Valag/src/vulkanImpl/VulkanHelpers.cpp" />
		<Unit filename="include/states/TestingState.h" />
		<Unit filename="main.cpp" />
		<Unit filename="src/states/TestingState.cpp" />
		<Extensions>
			<code_completion />
			<envvars />
			<debugger />
		</Extensions>
	</Project>
</CodeBlocks_project_file>
